
Microsoft Visual Studio Solution File, Format Version 12.00
# Visual Studio Version 17
VisualStudioVersion = 17.6.33829.357
MinimumVisualStudioVersion = 10.0.40219.1
Project("{FAE04EC0-301F-11D3-BF4B-00C04F79EFBC}") = "Patron_Diseño", "Patron_Diseño\Patron_Diseño.csproj", "{A81297F1-532D-4A58-A524-2EF1E7536ECB}"
EndProject
Global
	GlobalSection(SolutionConfigurationPlatforms) = preSolution
		Debug|Any CPU = Debug|Any CPU
		Release|Any CPU = Release|Any CPU
	EndGlobalSection
	GlobalSection(ProjectConfigurationPlatforms) = postSolution
		{A81297F1-532D-4A58-A524-2EF1E7536ECB}.Debug|Any CPU.ActiveCfg = Debug|Any CPU
		{A81297F1-532D-4A58-A524-2EF1E7536ECB}.Debug|Any CPU.Build.0 = Debug|Any CPU
		{A81297F1-532D-4A58-A524-2EF1E7536ECB}.Release|Any CPU.ActiveCfg = Release|Any CPU
		{A81297F1-532D-4A58-A524-2EF1E7536ECB}.Release|Any CPU.Build.0 = Release|Any CPU
	EndGlobalSection
	GlobalSection(SolutionProperties) = preSolution
		HideSolutionNode = FALSE
	EndGlobalSection
	GlobalSection(ExtensibilityGlobals) = postSolution
		SolutionGuid = {9C2701F8-E6D6-4CC8-9A5D-8E1602CE871F}
	EndGlobalSection
EndGlobal
